// !$*UTF8*$!
{
	archiveVersion = 1;
	classes = {
	};
	objectVersion = 46;
	objects = {

/* Begin PBXBuildFile section */
		C64A6F0D15ED6D1500459BB5 /* UIKit.framework in Frameworks */ = {isa = PBXBuildFile; fileRef = C64A6F0C15ED6D1500459BB5 /* UIKit.framework */; };
		C64A6F0F15ED6D1500459BB5 /* Foundation.framework in Frameworks */ = {isa = PBXBuildFile; fileRef = C64A6F0E15ED6D1500459BB5 /* Foundation.framework */; };
		C64A6F1115ED6D1500459BB5 /* CoreGraphics.framework in Frameworks */ = {isa = PBXBuildFile; fileRef = C64A6F1015ED6D1500459BB5 /* CoreGraphics.framework */; };
		C64A6F1715ED6D1500459BB5 /* InfoPlist.strings in Resources */ = {isa = PBXBuildFile; fileRef = C64A6F1515ED6D1500459BB5 /* InfoPlist.strings */; };
		C64A6F1915ED6D1500459BB5 /* main.m in Sources */ = {isa = PBXBuildFile; fileRef = C64A6F1815ED6D1500459BB5 /* main.m */; };
		C64A6F1D15ED6D1500459BB5 /* EPAppDelegate.m in Sources */ = {isa = PBXBuildFile; fileRef = C64A6F1C15ED6D1500459BB5 /* EPAppDelegate.m */; };
		C64A6F2015ED6D1500459BB5 /* MainStoryboard_iPhone.storyboard in Resources */ = {isa = PBXBuildFile; fileRef = C64A6F1E15ED6D1500459BB5 /* MainStoryboard_iPhone.storyboard */; };
		C64A6F2315ED6D1500459BB5 /* MainStoryboard_iPad.storyboard in Resources */ = {isa = PBXBuildFile; fileRef = C64A6F2115ED6D1500459BB5 /* MainStoryboard_iPad.storyboard */; };
		C64A6F3915ED6D1600459BB5 /* SenTestingKit.framework in Frameworks */ = {isa = PBXBuildFile; fileRef = C64A6F3815ED6D1600459BB5 /* SenTestingKit.framework */; };
		C64A6F3A15ED6D1600459BB5 /* UIKit.framework in Frameworks */ = {isa = PBXBuildFile; fileRef = C64A6F0C15ED6D1500459BB5 /* UIKit.framework */; };
		C64A6F3B15ED6D1600459BB5 /* Foundation.framework in Frameworks */ = {isa = PBXBuildFile; fileRef = C64A6F0E15ED6D1500459BB5 /* Foundation.framework */; };
		C64A6F4315ED6D1600459BB5 /* InfoPlist.strings in Resources */ = {isa = PBXBuildFile; fileRef = C64A6F4115ED6D1600459BB5 /* InfoPlist.strings */; };
		C64A6F4615ED6D1600459BB5 /* ElectricPicnicTests.m in Sources */ = {isa = PBXBuildFile; fileRef = C64A6F4515ED6D1600459BB5 /* ElectricPicnicTests.m */; };
		C64A6F5115ED71D600459BB5 /* Default.png in Resources */ = {isa = PBXBuildFile; fileRef = C64A6F4F15ED6F3300459BB5 /* Default.png */; };
		C64A6F5415ED724600459BB5 /* EPBandTableViewController.m in Sources */ = {isa = PBXBuildFile; fileRef = C64A6F5315ED724600459BB5 /* EPBandTableViewController.m */; };
		C64A6F5715ED726000459BB5 /* EPStageTableViewController.m in Sources */ = {isa = PBXBuildFile; fileRef = C64A6F5615ED726000459BB5 /* EPStageTableViewController.m */; };
		C64A6F5A15ED727000459BB5 /* EPFavouritesViewController.m in Sources */ = {isa = PBXBuildFile; fileRef = C64A6F5915ED727000459BB5 /* EPFavouritesViewController.m */; };
		C64A6F6015ED7F2B00459BB5 /* EPAllEvents.m in Sources */ = {isa = PBXBuildFile; fileRef = C64A6F5F15ED7F2B00459BB5 /* EPAllEvents.m */; };
		C64A6F6315EDFEA500459BB5 /* EPNowPlayingTableViewController.m in Sources */ = {isa = PBXBuildFile; fileRef = C64A6F6215EDFEA500459BB5 /* EPNowPlayingTableViewController.m */; };
		C64A6F6615EE17AE00459BB5 /* EPBandDetailViewController.m in Sources */ = {isa = PBXBuildFile; fileRef = C64A6F6515EE17AE00459BB5 /* EPBandDetailViewController.m */; };
		C6A109C815EED18B0042417D /* EPStageViewController.m in Sources */ = {isa = PBXBuildFile; fileRef = C6A109C715EED18B0042417D /* EPStageViewController.m */; };
		C6A109DA15EF59090042417D /* events.plist in Resources */ = {isa = PBXBuildFile; fileRef = C6A109D915EF59090042417D /* events.plist */; };
/* End PBXBuildFile section */

/* Begin PBXContainerItemProxy section */
		C64A6F3C15ED6D1600459BB5 /* PBXContainerItemProxy */ = {
			isa = PBXContainerItemProxy;
			containerPortal = C64A6EFF15ED6D1500459BB5 /* Project object */;
			proxyType = 1;
			remoteGlobalIDString = C64A6F0715ED6D1500459BB5;
			remoteInfo = ElectricPicnic;
		};
/* End PBXContainerItemProxy section */

/* Begin PBXFileReference section */
		C64A6F0815ED6D1500459BB5 /* ElectricPicnic.app */ = {isa = PBXFileReference; explicitFileType = wrapper.application; includeInIndex = 0; path = ElectricPicnic.app; sourceTree = BUILT_PRODUCTS_DIR; };
		C64A6F0C15ED6D1500459BB5 /* UIKit.framework */ = {isa = PBXFileReference; lastKnownFileType = wrapper.framework; name = UIKit.framework; path = System/Library/Frameworks/UIKit.framework; sourceTree = SDKROOT; };
		C64A6F0E15ED6D1500459BB5 /* Foundation.framework */ = {isa = PBXFileReference; lastKnownFileType = wrapper.framework; name = Foundation.framework; path = System/Library/Frameworks/Foundation.framework; sourceTree = SDKROOT; };
		C64A6F1015ED6D1500459BB5 /* CoreGraphics.framework */ = {isa = PBXFileReference; lastKnownFileType = wrapper.framework; name = CoreGraphics.framework; path = System/Library/Frameworks/CoreGraphics.framework; sourceTree = SDKROOT; };
		C64A6F1415ED6D1500459BB5 /* ElectricPicnic-Info.plist */ = {isa = PBXFileReference; lastKnownFileType = text.plist.xml; path = "ElectricPicnic-Info.plist"; sourceTree = "<group>"; };
		C64A6F1615ED6D1500459BB5 /* en */ = {isa = PBXFileReference; lastKnownFileType = text.plist.strings; name = en; path = en.lproj/InfoPlist.strings; sourceTree = "<group>"; };
		C64A6F1815ED6D1500459BB5 /* main.m */ = {isa = PBXFileReference; lastKnownFileType = sourcecode.c.objc; path = main.m; sourceTree = "<group>"; };
		C64A6F1A15ED6D1500459BB5 /* ElectricPicnic-Prefix.pch */ = {isa = PBXFileReference; lastKnownFileType = sourcecode.c.h; path = "ElectricPicnic-Prefix.pch"; sourceTree = "<group>"; };
		C64A6F1B15ED6D1500459BB5 /* EPAppDelegate.h */ = {isa = PBXFileReference; lastKnownFileType = sourcecode.c.h; path = EPAppDelegate.h; sourceTree = "<group>"; };
		C64A6F1C15ED6D1500459BB5 /* EPAppDelegate.m */ = {isa = PBXFileReference; lastKnownFileType = sourcecode.c.objc; path = EPAppDelegate.m; sourceTree = "<group>"; };
		C64A6F1F15ED6D1500459BB5 /* en */ = {isa = PBXFileReference; lastKnownFileType = file.storyboard; name = en; path = en.lproj/MainStoryboard_iPhone.storyboard; sourceTree = "<group>"; };
		C64A6F2215ED6D1500459BB5 /* en */ = {isa = PBXFileReference; lastKnownFileType = file.storyboard; name = en; path = en.lproj/MainStoryboard_iPad.storyboard; sourceTree = "<group>"; };
		C64A6F3715ED6D1600459BB5 /* ElectricPicnicTests.octest */ = {isa = PBXFileReference; explicitFileType = wrapper.cfbundle; includeInIndex = 0; path = ElectricPicnicTests.octest; sourceTree = BUILT_PRODUCTS_DIR; };
		C64A6F3815ED6D1600459BB5 /* SenTestingKit.framework */ = {isa = PBXFileReference; lastKnownFileType = wrapper.framework; name = SenTestingKit.framework; path = Library/Frameworks/SenTestingKit.framework; sourceTree = DEVELOPER_DIR; };
		C64A6F4015ED6D1600459BB5 /* ElectricPicnicTests-Info.plist */ = {isa = PBXFileReference; lastKnownFileType = text.plist.xml; path = "ElectricPicnicTests-Info.plist"; sourceTree = "<group>"; };
		C64A6F4215ED6D1600459BB5 /* en */ = {isa = PBXFileReference; lastKnownFileType = text.plist.strings; name = en; path = en.lproj/InfoPlist.strings; sourceTree = "<group>"; };
		C64A6F4415ED6D1600459BB5 /* ElectricPicnicTests.h */ = {isa = PBXFileReference; lastKnownFileType = sourcecode.c.h; path = ElectricPicnicTests.h; sourceTree = "<group>"; };
		C64A6F4515ED6D1600459BB5 /* ElectricPicnicTests.m */ = {isa = PBXFileReference; lastKnownFileType = sourcecode.c.objc; path = ElectricPicnicTests.m; sourceTree = "<group>"; };
		C64A6F4F15ED6F3300459BB5 /* Default.png */ = {isa = PBXFileReference; lastKnownFileType = image.png; path = Default.png; sourceTree = "<group>"; };
		C64A6F5215ED724600459BB5 /* EPBandTableViewController.h */ = {isa = PBXFileReference; fileEncoding = 4; lastKnownFileType = sourcecode.c.h; path = EPBandTableViewController.h; sourceTree = "<group>"; };
		C64A6F5315ED724600459BB5 /* EPBandTableViewController.m */ = {isa = PBXFileReference; fileEncoding = 4; lastKnownFileType = sourcecode.c.objc; path = EPBandTableViewController.m; sourceTree = "<group>"; };
		C64A6F5515ED726000459BB5 /* EPStageTableViewController.h */ = {isa = PBXFileReference; fileEncoding = 4; lastKnownFileType = sourcecode.c.h; path = EPStageTableViewController.h; sourceTree = "<group>"; };
		C64A6F5615ED726000459BB5 /* EPStageTableViewController.m */ = {isa = PBXFileReference; fileEncoding = 4; lastKnownFileType = sourcecode.c.objc; path = EPStageTableViewController.m; sourceTree = "<group>"; };
		C64A6F5815ED727000459BB5 /* EPFavouritesViewController.h */ = {isa = PBXFileReference; fileEncoding = 4; lastKnownFileType = sourcecode.c.h; path = EPFavouritesViewController.h; sourceTree = "<group>"; };
		C64A6F5915ED727000459BB5 /* EPFavouritesViewController.m */ = {isa = PBXFileReference; fileEncoding = 4; lastKnownFileType = sourcecode.c.objc; path = EPFavouritesViewController.m; sourceTree = "<group>"; };
		C64A6F5E15ED7F2B00459BB5 /* EPAllEvents.h */ = {isa = PBXFileReference; fileEncoding = 4; lastKnownFileType = sourcecode.c.h; path = EPAllEvents.h; sourceTree = "<group>"; };
		C64A6F5F15ED7F2B00459BB5 /* EPAllEvents.m */ = {isa = PBXFileReference; fileEncoding = 4; lastKnownFileType = sourcecode.c.objc; path = EPAllEvents.m; sourceTree = "<group>"; };
		C64A6F6115EDFEA500459BB5 /* EPNowPlayingTableViewController.h */ = {isa = PBXFileReference; fileEncoding = 4; lastKnownFileType = sourcecode.c.h; path = EPNowPlayingTableViewController.h; sourceTree = "<group>"; };
		C64A6F6215EDFEA500459BB5 /* EPNowPlayingTableViewController.m */ = {isa = PBXFileReference; fileEncoding = 4; lastKnownFileType = sourcecode.c.objc; path = EPNowPlayingTableViewController.m; sourceTree = "<group>"; };
		C64A6F6415EE17AE00459BB5 /* EPBandDetailViewController.h */ = {isa = PBXFileReference; fileEncoding = 4; lastKnownFileType = sourcecode.c.h; path = EPBandDetailViewController.h; sourceTree = "<group>"; };
		C64A6F6515EE17AE00459BB5 /* EPBandDetailViewController.m */ = {isa = PBXFileReference; fileEncoding = 4; lastKnownFileType = sourcecode.c.objc; path = EPBandDetailViewController.m; sourceTree = "<group>"; };
		C6A109C615EED18B0042417D /* EPStageViewController.h */ = {isa = PBXFileReference; fileEncoding = 4; lastKnownFileType = sourcecode.c.h; path = EPStageViewController.h; sourceTree = "<group>"; };
		C6A109C715EED18B0042417D /* EPStageViewController.m */ = {isa = PBXFileReference; fileEncoding = 4; lastKnownFileType = sourcecode.c.objc; path = EPStageViewController.m; sourceTree = "<group>"; };
		C6A109D915EF59090042417D /* events.plist */ = {isa = PBXFileReference; fileEncoding = 4; lastKnownFileType = text.plist.xml; path = events.plist; sourceTree = "<group>"; };
/* End PBXFileReference section */

/* Begin PBXFrameworksBuildPhase section */
		C64A6F0515ED6D1500459BB5 /* Frameworks */ = {
			isa = PBXFrameworksBuildPhase;
			buildActionMask = 2147483647;
			files = (
				C64A6F0D15ED6D1500459BB5 /* UIKit.framework in Frameworks */,
				C64A6F0F15ED6D1500459BB5 /* Foundation.framework in Frameworks */,
				C64A6F1115ED6D1500459BB5 /* CoreGraphics.framework in Frameworks */,
			);
			runOnlyForDeploymentPostprocessing = 0;
		};
		C64A6F3315ED6D1600459BB5 /* Frameworks */ = {
			isa = PBXFrameworksBuildPhase;
			buildActionMask = 2147483647;
			files = (
				C64A6F3915ED6D1600459BB5 /* SenTestingKit.framework in Frameworks */,
				C64A6F3A15ED6D1600459BB5 /* UIKit.framework in Frameworks */,
				C64A6F3B15ED6D1600459BB5 /* Foundation.framework in Frameworks */,
			);
			runOnlyForDeploymentPostprocessing = 0;
		};
/* End PBXFrameworksBuildPhase section */

/* Begin PBXGroup section */
		C64A6EFD15ED6D1500459BB5 = {
			isa = PBXGroup;
			children = (
				C64A6F4F15ED6F3300459BB5 /* Default.png */,
				C64A6F1215ED6D1500459BB5 /* ElectricPicnic */,
				C64A6F3E15ED6D1600459BB5 /* ElectricPicnicTests */,
				C64A6F0B15ED6D1500459BB5 /* Frameworks */,
				C64A6F0915ED6D1500459BB5 /* Products */,
			);
			sourceTree = "<group>";
		};
		C64A6F0915ED6D1500459BB5 /* Products */ = {
			isa = PBXGroup;
			children = (
				C64A6F0815ED6D1500459BB5 /* ElectricPicnic.app */,
				C64A6F3715ED6D1600459BB5 /* ElectricPicnicTests.octest */,
			);
			name = Products;
			sourceTree = "<group>";
		};
		C64A6F0B15ED6D1500459BB5 /* Frameworks */ = {
			isa = PBXGroup;
			children = (
				C64A6F0C15ED6D1500459BB5 /* UIKit.framework */,
				C64A6F0E15ED6D1500459BB5 /* Foundation.framework */,
				C64A6F1015ED6D1500459BB5 /* CoreGraphics.framework */,
				C64A6F3815ED6D1600459BB5 /* SenTestingKit.framework */,
			);
			name = Frameworks;
			sourceTree = "<group>";
		};
		C64A6F1215ED6D1500459BB5 /* ElectricPicnic */ = {
			isa = PBXGroup;
			children = (
				C64A6F6A15EE17FC00459BB5 /* AppDelegate */,
				C64A6F6915EE17E500459BB5 /* Data Classes */,
				C64A6F6815EE17CF00459BB5 /* View Controllers */,
				C64A6F6715EE17B500459BB5 /* Table View Controllers */,
				C64A6F1E15ED6D1500459BB5 /* MainStoryboard_iPhone.storyboard */,
				C64A6F2115ED6D1500459BB5 /* MainStoryboard_iPad.storyboard */,
				C64A6F1315ED6D1500459BB5 /* Supporting Files */,
			);
			path = ElectricPicnic;
			sourceTree = "<group>";
		};
		C64A6F1315ED6D1500459BB5 /* Supporting Files */ = {
			isa = PBXGroup;
			children = (
				C6A109D915EF59090042417D /* events.plist */,
				C64A6F1415ED6D1500459BB5 /* ElectricPicnic-Info.plist */,
				C64A6F1515ED6D1500459BB5 /* InfoPlist.strings */,
				C64A6F1815ED6D1500459BB5 /* main.m */,
				C64A6F1A15ED6D1500459BB5 /* ElectricPicnic-Prefix.pch */,
			);
			name = "Supporting Files";
			sourceTree = "<group>";
		};
		C64A6F3E15ED6D1600459BB5 /* ElectricPicnicTests */ = {
			isa = PBXGroup;
			children = (
				C64A6F4415ED6D1600459BB5 /* ElectricPicnicTests.h */,
				C64A6F4515ED6D1600459BB5 /* ElectricPicnicTests.m */,
				C64A6F3F15ED6D1600459BB5 /* Supporting Files */,
			);
			path = ElectricPicnicTests;
			sourceTree = "<group>";
		};
		C64A6F3F15ED6D1600459BB5 /* Supporting Files */ = {
			isa = PBXGroup;
			children = (
				C64A6F4015ED6D1600459BB5 /* ElectricPicnicTests-Info.plist */,
				C64A6F4115ED6D1600459BB5 /* InfoPlist.strings */,
			);
			name = "Supporting Files";
			sourceTree = "<group>";
		};
		C64A6F6715EE17B500459BB5 /* Table View Controllers */ = {
			isa = PBXGroup;
			children = (
				C64A6F6115EDFEA500459BB5 /* EPNowPlayingTableViewController.h */,
				C64A6F6215EDFEA500459BB5 /* EPNowPlayingTableViewController.m */,
				C64A6F5215ED724600459BB5 /* EPBandTableViewController.h */,
				C64A6F5315ED724600459BB5 /* EPBandTableViewController.m */,
				C64A6F5515ED726000459BB5 /* EPStageTableViewController.h */,
				C64A6F5615ED726000459BB5 /* EPStageTableViewController.m */,
				C64A6F5815ED727000459BB5 /* EPFavouritesViewController.h */,
				C64A6F5915ED727000459BB5 /* EPFavouritesViewController.m */,
				C6A109C615EED18B0042417D /* EPStageViewController.h */,
				C6A109C715EED18B0042417D /* EPStageViewController.m */,
			);
			name = "Table View Controllers";
			sourceTree = "<group>";
		};
		C64A6F6815EE17CF00459BB5 /* View Controllers */ = {
			isa = PBXGroup;
			children = (
				C64A6F6415EE17AE00459BB5 /* EPBandDetailViewController.h */,
				C64A6F6515EE17AE00459BB5 /* EPBandDetailViewController.m */,
			);
			name = "View Controllers";
			sourceTree = "<group>";
		};
		C64A6F6915EE17E500459BB5 /* Data Classes */ = {
			isa = PBXGroup;
			children = (
				C64A6F5E15ED7F2B00459BB5 /* EPAllEvents.h */,
				C64A6F5F15ED7F2B00459BB5 /* EPAllEvents.m */,
			);
			name = "Data Classes";
			sourceTree = "<group>";
		};
		C64A6F6A15EE17FC00459BB5 /* AppDelegate */ = {
			isa = PBXGroup;
			children = (
				C64A6F1B15ED6D1500459BB5 /* EPAppDelegate.h */,
				C64A6F1C15ED6D1500459BB5 /* EPAppDelegate.m */,
			);
			name = AppDelegate;
			sourceTree = "<group>";
		};
/* End PBXGroup section */

/* Begin PBXNativeTarget section */
		C64A6F0715ED6D1500459BB5 /* ElectricPicnic */ = {
			isa = PBXNativeTarget;
			buildConfigurationList = C64A6F4915ED6D1600459BB5 /* Build configuration list for PBXNativeTarget "ElectricPicnic" */;
			buildPhases = (
				C64A6F0415ED6D1500459BB5 /* Sources */,
				C64A6F0515ED6D1500459BB5 /* Frameworks */,
				C64A6F0615ED6D1500459BB5 /* Resources */,
			);
			buildRules = (
			);
			dependencies = (
			);
			name = ElectricPicnic;
			productName = ElectricPicnic;
			productReference = C64A6F0815ED6D1500459BB5 /* ElectricPicnic.app */;
			productType = "com.apple.product-type.application";
		};
		C64A6F3615ED6D1600459BB5 /* ElectricPicnicTests */ = {
			isa = PBXNativeTarget;
			buildConfigurationList = C64A6F4C15ED6D1600459BB5 /* Build configuration list for PBXNativeTarget "ElectricPicnicTests" */;
			buildPhases = (
				C64A6F3215ED6D1600459BB5 /* Sources */,
				C64A6F3315ED6D1600459BB5 /* Frameworks */,
				C64A6F3415ED6D1600459BB5 /* Resources */,
				C64A6F3515ED6D1600459BB5 /* ShellScript */,
			);
			buildRules = (
			);
			dependencies = (
				C64A6F3D15ED6D1600459BB5 /* PBXTargetDependency */,
			);
			name = ElectricPicnicTests;
			productName = ElectricPicnicTests;
			productReference = C64A6F3715ED6D1600459BB5 /* ElectricPicnicTests.octest */;
			productType = "com.apple.product-type.bundle";
		};
/* End PBXNativeTarget section */

/* Begin PBXProject section */
		C64A6EFF15ED6D1500459BB5 /* Project object */ = {
			isa = PBXProject;
			attributes = {
				CLASSPREFIX = EP;
				LastUpgradeCheck = 0440;
				ORGANIZATIONNAME = "Colin McGovern";
			};
			buildConfigurationList = C64A6F0215ED6D1500459BB5 /* Build configuration list for PBXProject "ElectricPicnic" */;
			compatibilityVersion = "Xcode 3.2";
			developmentRegion = English;
			hasScannedForEncodings = 0;
			knownRegions = (
				en,
			);
			mainGroup = C64A6EFD15ED6D1500459BB5;
			productRefGroup = C64A6F0915ED6D1500459BB5 /* Products */;
			projectDirPath = "";
			projectRoot = "";
			targets = (
				C64A6F0715ED6D1500459BB5 /* ElectricPicnic */,
				C64A6F3615ED6D1600459BB5 /* ElectricPicnicTests */,
			);
		};
/* End PBXProject section */

/* Begin PBXResourcesBuildPhase section */
		C64A6F0615ED6D1500459BB5 /* Resources */ = {
			isa = PBXResourcesBuildPhase;
			buildActionMask = 2147483647;
			files = (
				C64A6F1715ED6D1500459BB5 /* InfoPlist.strings in Resources */,
				C64A6F2015ED6D1500459BB5 /* MainStoryboard_iPhone.storyboard in Resources */,
				C64A6F2315ED6D1500459BB5 /* MainStoryboard_iPad.storyboard in Resources */,
				C64A6F5115ED71D600459BB5 /* Default.png in Resources */,
				C6A109DA15EF59090042417D /* events.plist in Resources */,
			);
			runOnlyForDeploymentPostprocessing = 0;
		};
		C64A6F3415ED6D1600459BB5 /* Resources */ = {
			isa = PBXResourcesBuildPhase;
			buildActionMask = 2147483647;
			files = (
				C64A6F4315ED6D1600459BB5 /* InfoPlist.strings in Resources */,
			);
			runOnlyForDeploymentPostprocessing = 0;
		};
/* End PBXResourcesBuildPhase section */

/* Begin PBXShellScriptBuildPhase section */
		C64A6F3515ED6D1600459BB5 /* ShellScript */ = {
			isa = PBXShellScriptBuildPhase;
			buildActionMask = 2147483647;
			files = (
			);
			inputPaths = (
			);
			outputPaths = (
			);
			runOnlyForDeploymentPostprocessing = 0;
			shellPath = /bin/sh;
			shellScript = "# Run the unit tests in this test bundle.\n\"${SYSTEM_DEVELOPER_DIR}/Tools/RunUnitTests\"\n";
		};
/* End PBXShellScriptBuildPhase section */

/* Begin PBXSourcesBuildPhase section */
		C64A6F0415ED6D1500459BB5 /* Sources */ = {
			isa = PBXSourcesBuildPhase;
			buildActionMask = 2147483647;
			files = (
				C64A6F1915ED6D1500459BB5 /* main.m in Sources */,
				C64A6F1D15ED6D1500459BB5 /* EPAppDelegate.m in Sources */,
				C64A6F5415ED724600459BB5 /* EPBandTableViewController.m in Sources */,
				C64A6F5715ED726000459BB5 /* EPStageTableViewController.m in Sources */,
				C64A6F5A15ED727000459BB5 /* EPFavouritesViewController.m in Sources */,
				C64A6F6015ED7F2B00459BB5 /* EPAllEvents.m in Sources */,
				C64A6F6315EDFEA500459BB5 /* EPNowPlayingTableViewController.m in Sources */,
				C64A6F6615EE17AE00459BB5 /* EPBandDetailViewController.m in Sources */,
				C6A109C815EED18B0042417D /* EPStageViewController.m in Sources */,
			);
			runOnlyForDeploymentPostprocessing = 0;
		};
		C64A6F3215ED6D1600459BB5 /* Sources */ = {
			isa = PBXSourcesBuildPhase;
			buildActionMask = 2147483647;
			files = (
				C64A6F4615ED6D1600459BB5 /* ElectricPicnicTests.m in Sources */,
			);
			runOnlyForDeploymentPostprocessing = 0;
		};
/* End PBXSourcesBuildPhase section */

/* Begin PBXTargetDependency section */
		C64A6F3D15ED6D1600459BB5 /* PBXTargetDependency */ = {
			isa = PBXTargetDependency;
			target = C64A6F0715ED6D1500459BB5 /* ElectricPicnic */;
			targetProxy = C64A6F3C15ED6D1600459BB5 /* PBXContainerItemProxy */;
		};
/* End PBXTargetDependency section */

/* Begin PBXVariantGroup section */
		C64A6F1515ED6D1500459BB5 /* InfoPlist.strings */ = {
			isa = PBXVariantGroup;
			children = (
				C64A6F1615ED6D1500459BB5 /* en */,
			);
			name = InfoPlist.strings;
			sourceTree = "<group>";
		};
		C64A6F1E15ED6D1500459BB5 /* MainStoryboard_iPhone.storyboard */ = {
			isa = PBXVariantGroup;
			children = (
				C64A6F1F15ED6D1500459BB5 /* en */,
			);
			name = MainStoryboard_iPhone.storyboard;
			sourceTree = "<group>";
		};
		C64A6F2115ED6D1500459BB5 /* MainStoryboard_iPad.storyboard */ = {
			isa = PBXVariantGroup;
			children = (
				C64A6F2215ED6D1500459BB5 /* en */,
			);
			name = MainStoryboard_iPad.storyboard;
			sourceTree = "<group>";
		};
		C64A6F4115ED6D1600459BB5 /* InfoPlist.strings */ = {
			isa = PBXVariantGroup;
			children = (
				C64A6F4215ED6D1600459BB5 /* en */,
			);
			name = InfoPlist.strings;
			sourceTree = "<group>";
		};
/* End PBXVariantGroup section */

/* Begin XCBuildConfiguration section */
		C64A6F4715ED6D1600459BB5 /* Debug */ = {
			isa = XCBuildConfiguration;
			buildSettings = {
				ALWAYS_SEARCH_USER_PATHS = NO;
				ARCHS = "$(ARCHS_STANDARD_32_BIT)";
				CLANG_CXX_LANGUAGE_STANDARD = "gnu++0x";
				CLANG_ENABLE_OBJC_ARC = YES;
				CLANG_WARN__DUPLICATE_METHOD_MATCH = YES;
				"CODE_SIGN_IDENTITY[sdk=iphoneos*]" = "iPhone Developer";
				COPY_PHASE_STRIP = NO;
				GCC_C_LANGUAGE_STANDARD = gnu99;
				GCC_DYNAMIC_NO_PIC = NO;
				GCC_OPTIMIZATION_LEVEL = 0;
				GCC_PREPROCESSOR_DEFINITIONS = (
					"DEBUG=1",
					"$(inherited)",
				);
				GCC_SYMBOLS_PRIVATE_EXTERN = NO;
				GCC_VERSION = com.apple.compilers.llvm.clang.1_0;
				GCC_WARN_ABOUT_RETURN_TYPE = YES;
				GCC_WARN_UNINITIALIZED_AUTOS = YES;
				GCC_WARN_UNUSED_VARIABLE = YES;
				IPHONEOS_DEPLOYMENT_TARGET = 5.1;
				SDKROOT = iphoneos;
				TARGETED_DEVICE_FAMILY = "1,2";
			};
			name = Debug;
		};
		C64A6F4815ED6D1600459BB5 /* Release */ = {
			isa = XCBuildConfiguration;
			buildSettings = {
				ALWAYS_SEARCH_USER_PATHS = NO;
				ARCHS = "$(ARCHS_STANDARD_32_BIT)";
				CLANG_CXX_LANGUAGE_STANDARD = "gnu++0x";
				CLANG_ENABLE_OBJC_ARC = YES;
				CLANG_WARN__DUPLICATE_METHOD_MATCH = YES;
				"CODE_SIGN_IDENTITY[sdk=iphoneos*]" = "iPhone Developer";
				COPY_PHASE_STRIP = YES;
				GCC_C_LANGUAGE_STANDARD = gnu99;
				GCC_VERSION = com.apple.compilers.llvm.clang.1_0;
				GCC_WARN_ABOUT_RETURN_TYPE = YES;
				GCC_WARN_UNINITIALIZED_AUTOS = YES;
				GCC_WARN_UNUSED_VARIABLE = YES;
				IPHONEOS_DEPLOYMENT_TARGET = 5.1;
				OTHER_CFLAGS = "-DNS_BLOCK_ASSERTIONS=1";
				SDKROOT = iphoneos;
				TARGETED_DEVICE_FAMILY = "1,2";
				VALIDATE_PRODUCT = YES;
			};
			name = Release;
		};
		C64A6F4A15ED6D1600459BB5 /* Debug */ = {
			isa = XCBuildConfiguration;
			buildSettings = {
				GCC_PRECOMPILE_PREFIX_HEADER = YES;
				GCC_PREFIX_HEADER = "ElectricPicnic/ElectricPicnic-Prefix.pch";
				INFOPLIST_FILE = "ElectricPicnic/ElectricPicnic-Info.plist";
				PRODUCT_NAME = "$(TARGET_NAME)";
				WRAPPER_EXTENSION = app;
			};
			name = Debug;
		};
		C64A6F4B15ED6D1600459BB5 /* Release */ = {
			isa = XCBuildConfiguration;
			buildSettings = {
				GCC_PRECOMPILE_PREFIX_HEADER = YES;
				GCC_PREFIX_HEADER = "ElectricPicnic/ElectricPicnic-Prefix.pch";
				INFOPLIST_FILE = "ElectricPicnic/ElectricPicnic-Info.plist";
				PRODUCT_NAME = "$(TARGET_NAME)";
				WRAPPER_EXTENSION = app;
			};
			name = Release;
		};
		C64A6F4D15ED6D1600459BB5 /* Debug */ = {
			isa = XCBuildConfiguration;
			buildSettings = {
				BUNDLE_LOADER = "$(BUILT_PRODUCTS_DIR)/ElectricPicnic.app/ElectricPicnic";
				FRAMEWORK_SEARCH_PATHS = (
					"\"$(SDKROOT)/Developer/Library/Frameworks\"",
					"\"$(DEVELOPER_LIBRARY_DIR)/Frameworks\"",
				);
				GCC_PRECOMPILE_PREFIX_HEADER = YES;
				GCC_PREFIX_HEADER = "ElectricPicnic/ElectricPicnic-Prefix.pch";
				INFOPLIST_FILE = "ElectricPicnicTests/ElectricPicnicTests-Info.plist";
				PRODUCT_NAME = "$(TARGET_NAME)";
				TEST_HOST = "$(BUNDLE_LOADER)";
				WRAPPER_EXTENSION = octest;
			};
			name = Debug;
		};
		C64A6F4E15ED6D1600459BB5 /* Release */ = {
			isa = XCBuildConfiguration;
			buildSettings = {
				BUNDLE_LOADER = "$(BUILT_PRODUCTS_DIR)/ElectricPicnic.app/ElectricPicnic";
				FRAMEWORK_SEARCH_PATHS = (
					"\"$(SDKROOT)/Developer/Library/Frameworks\"",
					"\"$(DEVELOPER_LIBRARY_DIR)/Frameworks\"",
				);
				GCC_PRECOMPILE_PREFIX_HEADER = YES;
				GCC_PREFIX_HEADER = "ElectricPicnic/ElectricPicnic-Prefix.pch";
				INFOPLIST_FILE = "ElectricPicnicTests/ElectricPicnicTests-Info.plist";
				PRODUCT_NAME = "$(TARGET_NAME)";
				TEST_HOST = "$(BUNDLE_LOADER)";
				WRAPPER_EXTENSION = octest;
			};
			name = Release;
		};
/* End XCBuildConfiguration section */

/* Begin XCConfigurationList section */
		C64A6F0215ED6D1500459BB5 /* Build configuration list for PBXProject "ElectricPicnic" */ = {
			isa = XCConfigurationList;
			buildConfigurations = (
				C64A6F4715ED6D1600459BB5 /* Debug */,
				C64A6F4815ED6D1600459BB5 /* Release */,
			);
			defaultConfigurationIsVisible = 0;
			defaultConfigurationName = Release;
		};
		C64A6F4915ED6D1600459BB5 /* Build configuration list for PBXNativeTarget "ElectricPicnic" */ = {
			isa = XCConfigurationList;
			buildConfigurations = (
				C64A6F4A15ED6D1600459BB5 /* Debug */,
				C64A6F4B15ED6D1600459BB5 /* Release */,
			);
			defaultConfigurationIsVisible = 0;
			defaultConfigurationName = Release;
		};
		C64A6F4C15ED6D1600459BB5 /* Build configuration list for PBXNativeTarget "ElectricPicnicTests" */ = {
			isa = XCConfigurationList;
			buildConfigurations = (
				C64A6F4D15ED6D1600459BB5 /* Debug */,
				C64A6F4E15ED6D1600459BB5 /* Release */,
			);
			defaultConfigurationIsVisible = 0;
			defaultConfigurationName = Release;
		};
/* End XCConfigurationList section */
	};
	rootObject = C64A6EFF15ED6D1500459BB5 /* Project object */;
}
